
Microsoft Visual Studio Solution File, Format Version 12.00
# Visual Studio 15
VisualStudioVersion = 15.0.28307.421
MinimumVisualStudioVersion = 10.0.40219.1
Project("{FAE04EC0-301F-11D3-BF4B-00C04F79EFBC}") = "DemoConsole", "Итогоовый годовой проект\DemoConsole.csproj", "{28CDD7CD-EFC3-4524-8FD9-E54CDA54BEEE}"
EndProject
Project("{9A19103F-16F7-4668-BE54-9A1E7A4F7556}") = "PizzaCooking.Domain", "ClassLibrary1\PizzaCooking.Domain.csproj", "{DE60A4E0-3FAF-47F1-AAC0-6F923877F325}"
EndProject
Global
	GlobalSection(SolutionConfigurationPlatforms) = preSolution
		Debug|Any CPU = Debug|Any CPU
		Release|Any CPU = Release|Any CPU
	EndGlobalSection
	GlobalSection(ProjectConfigurationPlatforms) = postSolution
		{28CDD7CD-EFC3-4524-8FD9-E54CDA54BEEE}.Debug|Any CPU.ActiveCfg = Debug|Any CPU
		{28CDD7CD-EFC3-4524-8FD9-E54CDA54BEEE}.Debug|Any CPU.Build.0 = Debug|Any CPU
		{28CDD7CD-EFC3-4524-8FD9-E54CDA54BEEE}.Release|Any CPU.ActiveCfg = Release|Any CPU
		{28CDD7CD-EFC3-4524-8FD9-E54CDA54BEEE}.Release|Any CPU.Build.0 = Release|Any CPU
		{DE60A4E0-3FAF-47F1-AAC0-6F923877F325}.Debug|Any CPU.ActiveCfg = Debug|Any CPU
		{DE60A4E0-3FAF-47F1-AAC0-6F923877F325}.Debug|Any CPU.Build.0 = Debug|Any CPU
		{DE60A4E0-3FAF-47F1-AAC0-6F923877F325}.Release|Any CPU.ActiveCfg = Release|Any CPU
		{DE60A4E0-3FAF-47F1-AAC0-6F923877F325}.Release|Any CPU.Build.0 = Release|Any CPU
	EndGlobalSection
	GlobalSection(SolutionProperties) = preSolution
		HideSolutionNode = FALSE
	EndGlobalSection
	GlobalSection(ExtensibilityGlobals) = postSolution
		SolutionGuid = {D238CACC-3FE9-4F0E-8074-9CBE345FA216}
	EndGlobalSection
EndGlobal
