
Microsoft Visual Studio Solution File, Format Version 12.00
# Visual Studio 15
VisualStudioVersion = 15.0.28307.421
MinimumVisualStudioVersion = 10.0.40219.1
Project("{FAE04EC0-301F-11D3-BF4B-00C04F79EFBC}") = "PizzaCooking.Domain", "PizzaCooking.Domain\PizzaCooking.Domain.csproj", "{8D1E313E-A4AD-4F45-B5BD-E353E00CEF26}"
EndProject
Project("{FAE04EC0-301F-11D3-BF4B-00C04F79EFBC}") = "DemoConsole", "DemoConsole\DemoConsole.csproj", "{28CDD7CD-EFC3-4524-8FD9-E54CDA54BEEE}"
EndProject
Global
	GlobalSection(SolutionConfigurationPlatforms) = preSolution
		Debug|Any CPU = Debug|Any CPU
		Release|Any CPU = Release|Any CPU
	EndGlobalSection
	GlobalSection(ProjectConfigurationPlatforms) = postSolution
		{8D1E313E-A4AD-4F45-B5BD-E353E00CEF26}.Debug|Any CPU.ActiveCfg = Debug|Any CPU
		{8D1E313E-A4AD-4F45-B5BD-E353E00CEF26}.Debug|Any CPU.Build.0 = Debug|Any CPU
		{8D1E313E-A4AD-4F45-B5BD-E353E00CEF26}.Release|Any CPU.ActiveCfg = Release|Any CPU
		{8D1E313E-A4AD-4F45-B5BD-E353E00CEF26}.Release|Any CPU.Build.0 = Release|Any CPU
		{28CDD7CD-EFC3-4524-8FD9-E54CDA54BEEE}.Debug|Any CPU.ActiveCfg = Debug|Any CPU
		{28CDD7CD-EFC3-4524-8FD9-E54CDA54BEEE}.Debug|Any CPU.Build.0 = Debug|Any CPU
		{28CDD7CD-EFC3-4524-8FD9-E54CDA54BEEE}.Release|Any CPU.ActiveCfg = Release|Any CPU
		{28CDD7CD-EFC3-4524-8FD9-E54CDA54BEEE}.Release|Any CPU.Build.0 = Release|Any CPU
	EndGlobalSection
	GlobalSection(SolutionProperties) = preSolution
		HideSolutionNode = FALSE
	EndGlobalSection
	GlobalSection(ExtensibilityGlobals) = postSolution
		SolutionGuid = {D238CACC-3FE9-4F0E-8074-9CBE345FA216}
	EndGlobalSection
EndGlobal
